// !$*UTF8*$!
{
	archiveVersion = 1;
	classes = {
	};
	objectVersion = 55;
	objects = {

/* Begin PBXBuildFile section */
		8D7F9DDC28A8EA470093B793 /* AppDelegate.swift in Sources */ = {isa = PBXBuildFile; fileRef = 8D7F9DDB28A8EA470093B793 /* AppDelegate.swift */; };
		8D7F9DDE28A8EA470093B793 /* SceneDelegate.swift in Sources */ = {isa = PBXBuildFile; fileRef = 8D7F9DDD28A8EA470093B793 /* SceneDelegate.swift */; };
		8D7F9DE028A8EA470093B793 /* EmployeeListViewController.swift in Sources */ = {isa = PBXBuildFile; fileRef = 8D7F9DDF28A8EA470093B793 /* EmployeeListViewController.swift */; };
		8D7F9DE628A8EA470093B793 /* Avito_Tech_iOS.xcdatamodeld in Sources */ = {isa = PBXBuildFile; fileRef = 8D7F9DE428A8EA470093B793 /* Avito_Tech_iOS.xcdatamodeld */; };
		8D7F9DE828A8EA480093B793 /* Assets.xcassets in Resources */ = {isa = PBXBuildFile; fileRef = 8D7F9DE728A8EA480093B793 /* Assets.xcassets */; };
		8D7F9DEB28A8EA490093B793 /* LaunchScreen.storyboard in Resources */ = {isa = PBXBuildFile; fileRef = 8D7F9DE928A8EA490093B793 /* LaunchScreen.storyboard */; };
		8DC3D6B628A8EFB6003AA7EB /* Employees.swift in Sources */ = {isa = PBXBuildFile; fileRef = 8DC3D6B528A8EFB6003AA7EB /* Employees.swift */; };
		8DC3D6B928A8F034003AA7EB /* Constants.swift in Sources */ = {isa = PBXBuildFile; fileRef = 8DC3D6B828A8F034003AA7EB /* Constants.swift */; };
		8DC3D6BB28A8F15C003AA7EB /* EmployeeListViewModel.swift in Sources */ = {isa = PBXBuildFile; fileRef = 8DC3D6BA28A8F15C003AA7EB /* EmployeeListViewModel.swift */; };
		8DC3D6BD28A8F51B003AA7EB /* UIView+Extensions.swift in Sources */ = {isa = PBXBuildFile; fileRef = 8DC3D6BC28A8F51B003AA7EB /* UIView+Extensions.swift */; };
		8DC3D6BF28A8F8F5003AA7EB /* EmployeeListDataSource.swift in Sources */ = {isa = PBXBuildFile; fileRef = 8DC3D6BE28A8F8F5003AA7EB /* EmployeeListDataSource.swift */; };
		8DC3D6C128A8F941003AA7EB /* Employee+CoreData.swift in Sources */ = {isa = PBXBuildFile; fileRef = 8DC3D6C028A8F941003AA7EB /* Employee+CoreData.swift */; };
		8DC3D6C428A8FAAE003AA7EB /* EmployeeTableViewCell.swift in Sources */ = {isa = PBXBuildFile; fileRef = 8DC3D6C328A8FAAE003AA7EB /* EmployeeTableViewCell.swift */; };
		8DC3D6C628A8FB5B003AA7EB /* UIView+Builder.swift in Sources */ = {isa = PBXBuildFile; fileRef = 8DC3D6C528A8FB5B003AA7EB /* UIView+Builder.swift */; };
		8DC3D6C828A9014A003AA7EB /* Employee+CoreDataProperties.swift in Sources */ = {isa = PBXBuildFile; fileRef = 8DC3D6C728A9014A003AA7EB /* Employee+CoreDataProperties.swift */; };
		8DC3D6CA28A905DC003AA7EB /* EmployeeListRouter.swift in Sources */ = {isa = PBXBuildFile; fileRef = 8DC3D6C928A905DC003AA7EB /* EmployeeListRouter.swift */; };
		8DC3D6CC28A90622003AA7EB /* AppData.swift in Sources */ = {isa = PBXBuildFile; fileRef = 8DC3D6CB28A90622003AA7EB /* AppData.swift */; };
		8DC3D6CE28A90683003AA7EB /* NetworkServices.swift in Sources */ = {isa = PBXBuildFile; fileRef = 8DC3D6CD28A90683003AA7EB /* NetworkServices.swift */; };
		8DC3D6D028A912AF003AA7EB /* UIStackView+Extensions.swift in Sources */ = {isa = PBXBuildFile; fileRef = 8DC3D6CF28A912AF003AA7EB /* UIStackView+Extensions.swift */; };
		8DC3D6D228A93077003AA7EB /* Data+Extensoins.swift in Sources */ = {isa = PBXBuildFile; fileRef = 8DC3D6D128A93077003AA7EB /* Data+Extensoins.swift */; };
		8DC3D6D428A9388F003AA7EB /* CoreData+Extensions.swift in Sources */ = {isa = PBXBuildFile; fileRef = 8DC3D6D328A9388F003AA7EB /* CoreData+Extensions.swift */; };
/* End PBXBuildFile section */

/* Begin PBXFileReference section */
		8D7F9DD828A8EA470093B793 /* Avito-Tech-iOS.app */ = {isa = PBXFileReference; explicitFileType = wrapper.application; includeInIndex = 0; path = "Avito-Tech-iOS.app"; sourceTree = BUILT_PRODUCTS_DIR; };
		8D7F9DDB28A8EA470093B793 /* AppDelegate.swift */ = {isa = PBXFileReference; lastKnownFileType = sourcecode.swift; path = AppDelegate.swift; sourceTree = "<group>"; };
		8D7F9DDD28A8EA470093B793 /* SceneDelegate.swift */ = {isa = PBXFileReference; lastKnownFileType = sourcecode.swift; path = SceneDelegate.swift; sourceTree = "<group>"; };
		8D7F9DDF28A8EA470093B793 /* EmployeeListViewController.swift */ = {isa = PBXFileReference; lastKnownFileType = sourcecode.swift; path = EmployeeListViewController.swift; sourceTree = "<group>"; };
		8D7F9DE528A8EA470093B793 /* Avito_Tech_iOS.xcdatamodel */ = {isa = PBXFileReference; lastKnownFileType = wrapper.xcdatamodel; path = Avito_Tech_iOS.xcdatamodel; sourceTree = "<group>"; };
		8D7F9DE728A8EA480093B793 /* Assets.xcassets */ = {isa = PBXFileReference; lastKnownFileType = folder.assetcatalog; path = Assets.xcassets; sourceTree = "<group>"; };
		8D7F9DEA28A8EA490093B793 /* Base */ = {isa = PBXFileReference; lastKnownFileType = file.storyboard; name = Base; path = Base.lproj/LaunchScreen.storyboard; sourceTree = "<group>"; };
		8D7F9DEC28A8EA490093B793 /* Info.plist */ = {isa = PBXFileReference; lastKnownFileType = text.plist.xml; path = Info.plist; sourceTree = "<group>"; };
		8DC3D6B528A8EFB6003AA7EB /* Employees.swift */ = {isa = PBXFileReference; lastKnownFileType = sourcecode.swift; path = Employees.swift; sourceTree = "<group>"; };
		8DC3D6B828A8F034003AA7EB /* Constants.swift */ = {isa = PBXFileReference; lastKnownFileType = sourcecode.swift; path = Constants.swift; sourceTree = "<group>"; };
		8DC3D6BA28A8F15C003AA7EB /* EmployeeListViewModel.swift */ = {isa = PBXFileReference; lastKnownFileType = sourcecode.swift; path = EmployeeListViewModel.swift; sourceTree = "<group>"; };
		8DC3D6BC28A8F51B003AA7EB /* UIView+Extensions.swift */ = {isa = PBXFileReference; lastKnownFileType = sourcecode.swift; path = "UIView+Extensions.swift"; sourceTree = "<group>"; };
		8DC3D6BE28A8F8F5003AA7EB /* EmployeeListDataSource.swift */ = {isa = PBXFileReference; lastKnownFileType = sourcecode.swift; path = EmployeeListDataSource.swift; sourceTree = "<group>"; };
		8DC3D6C028A8F941003AA7EB /* Employee+CoreData.swift */ = {isa = PBXFileReference; lastKnownFileType = sourcecode.swift; path = "Employee+CoreData.swift"; sourceTree = "<group>"; };
		8DC3D6C328A8FAAE003AA7EB /* EmployeeTableViewCell.swift */ = {isa = PBXFileReference; lastKnownFileType = sourcecode.swift; path = EmployeeTableViewCell.swift; sourceTree = "<group>"; };
		8DC3D6C528A8FB5B003AA7EB /* UIView+Builder.swift */ = {isa = PBXFileReference; lastKnownFileType = sourcecode.swift; path = "UIView+Builder.swift"; sourceTree = "<group>"; };
		8DC3D6C728A9014A003AA7EB /* Employee+CoreDataProperties.swift */ = {isa = PBXFileReference; lastKnownFileType = sourcecode.swift; path = "Employee+CoreDataProperties.swift"; sourceTree = "<group>"; };
		8DC3D6C928A905DC003AA7EB /* EmployeeListRouter.swift */ = {isa = PBXFileReference; lastKnownFileType = sourcecode.swift; path = EmployeeListRouter.swift; sourceTree = "<group>"; };
		8DC3D6CB28A90622003AA7EB /* AppData.swift */ = {isa = PBXFileReference; lastKnownFileType = sourcecode.swift; path = AppData.swift; sourceTree = "<group>"; };
		8DC3D6CD28A90683003AA7EB /* NetworkServices.swift */ = {isa = PBXFileReference; lastKnownFileType = sourcecode.swift; path = NetworkServices.swift; sourceTree = "<group>"; };
		8DC3D6CF28A912AF003AA7EB /* UIStackView+Extensions.swift */ = {isa = PBXFileReference; lastKnownFileType = sourcecode.swift; path = "UIStackView+Extensions.swift"; sourceTree = "<group>"; };
		8DC3D6D128A93077003AA7EB /* Data+Extensoins.swift */ = {isa = PBXFileReference; lastKnownFileType = sourcecode.swift; path = "Data+Extensoins.swift"; sourceTree = "<group>"; };
		8DC3D6D328A9388F003AA7EB /* CoreData+Extensions.swift */ = {isa = PBXFileReference; lastKnownFileType = sourcecode.swift; path = "CoreData+Extensions.swift"; sourceTree = "<group>"; };
/* End PBXFileReference section */

/* Begin PBXFrameworksBuildPhase section */
		8D7F9DD528A8EA470093B793 /* Frameworks */ = {
			isa = PBXFrameworksBuildPhase;
			buildActionMask = 2147483647;
			files = (
			);
			runOnlyForDeploymentPostprocessing = 0;
		};
/* End PBXFrameworksBuildPhase section */

/* Begin PBXGroup section */
		8D7F9DCF28A8EA470093B793 = {
			isa = PBXGroup;
			children = (
				8D7F9DDA28A8EA470093B793 /* Avito-Tech-iOS */,
				8D7F9DD928A8EA470093B793 /* Products */,
			);
			sourceTree = "<group>";
		};
		8D7F9DD928A8EA470093B793 /* Products */ = {
			isa = PBXGroup;
			children = (
				8D7F9DD828A8EA470093B793 /* Avito-Tech-iOS.app */,
			);
			name = Products;
			sourceTree = "<group>";
		};
		8D7F9DDA28A8EA470093B793 /* Avito-Tech-iOS */ = {
			isa = PBXGroup;
			children = (
				8DC3D6B728A8F022003AA7EB /* Helpers */,
				8DC3D6AF28A8EEB1003AA7EB /* ApplicationLayer */,
				8DC3D6B028A8EEF1003AA7EB /* Flows */,
				8DC3D6B228A8EF1F003AA7EB /* Extensions */,
				8DC3D6B128A8EF0E003AA7EB /* Services */,
				8DC3D6AE28A8EE75003AA7EB /* Resources */,
				8D7F9DE928A8EA490093B793 /* LaunchScreen.storyboard */,
				8D7F9DE428A8EA470093B793 /* Avito_Tech_iOS.xcdatamodeld */,
			);
			path = "Avito-Tech-iOS";
			sourceTree = "<group>";
		};
		8DC3D6AE28A8EE75003AA7EB /* Resources */ = {
			isa = PBXGroup;
			children = (
				8D7F9DEC28A8EA490093B793 /* Info.plist */,
				8D7F9DE728A8EA480093B793 /* Assets.xcassets */,
			);
			path = Resources;
			sourceTree = "<group>";
		};
		8DC3D6AF28A8EEB1003AA7EB /* ApplicationLayer */ = {
			isa = PBXGroup;
			children = (
				8D7F9DDD28A8EA470093B793 /* SceneDelegate.swift */,
				8D7F9DDB28A8EA470093B793 /* AppDelegate.swift */,
			);
			path = ApplicationLayer;
			sourceTree = "<group>";
		};
		8DC3D6B028A8EEF1003AA7EB /* Flows */ = {
			isa = PBXGroup;
			children = (
				8DC3D6B328A8EF7A003AA7EB /* EmployeeList */,
			);
			path = Flows;
			sourceTree = "<group>";
		};
		8DC3D6B128A8EF0E003AA7EB /* Services */ = {
			isa = PBXGroup;
			children = (
				8DC3D6CB28A90622003AA7EB /* AppData.swift */,
				8DC3D6CD28A90683003AA7EB /* NetworkServices.swift */,
			);
			path = Services;
			sourceTree = "<group>";
		};
		8DC3D6B228A8EF1F003AA7EB /* Extensions */ = {
			isa = PBXGroup;
			children = (
				8DC3D6BC28A8F51B003AA7EB /* UIView+Extensions.swift */,
				8DC3D6D328A9388F003AA7EB /* CoreData+Extensions.swift */,
				8DC3D6C528A8FB5B003AA7EB /* UIView+Builder.swift */,
				8DC3D6CF28A912AF003AA7EB /* UIStackView+Extensions.swift */,
				8DC3D6D128A93077003AA7EB /* Data+Extensoins.swift */,
			);
			path = Extensions;
			sourceTree = "<group>";
		};
		8DC3D6B328A8EF7A003AA7EB /* EmployeeList */ = {
			isa = PBXGroup;
			children = (
				8D7F9DDF28A8EA470093B793 /* EmployeeListViewController.swift */,
				8DC3D6BA28A8F15C003AA7EB /* EmployeeListViewModel.swift */,
				8DC3D6BE28A8F8F5003AA7EB /* EmployeeListDataSource.swift */,
				8DC3D6C928A905DC003AA7EB /* EmployeeListRouter.swift */,
				8DC3D6C228A8FA9A003AA7EB /* Components */,
				8DC3D6B428A8EF94003AA7EB /* Model */,
			);
			path = EmployeeList;
			sourceTree = "<group>";
		};
		8DC3D6B428A8EF94003AA7EB /* Model */ = {
			isa = PBXGroup;
			children = (
				8DC3D6B528A8EFB6003AA7EB /* Employees.swift */,
				8DC3D6C028A8F941003AA7EB /* Employee+CoreData.swift */,
				8DC3D6C728A9014A003AA7EB /* Employee+CoreDataProperties.swift */,
			);
			path = Model;
			sourceTree = "<group>";
		};
		8DC3D6B728A8F022003AA7EB /* Helpers */ = {
			isa = PBXGroup;
			children = (
				8DC3D6B828A8F034003AA7EB /* Constants.swift */,
			);
			path = Helpers;
			sourceTree = "<group>";
		};
		8DC3D6C228A8FA9A003AA7EB /* Components */ = {
			isa = PBXGroup;
			children = (
				8DC3D6C328A8FAAE003AA7EB /* EmployeeTableViewCell.swift */,
			);
			path = Components;
			sourceTree = "<group>";
		};
/* End PBXGroup section */

/* Begin PBXNativeTarget section */
		8D7F9DD728A8EA470093B793 /* Avito-Tech-iOS */ = {
			isa = PBXNativeTarget;
			buildConfigurationList = 8D7F9DEF28A8EA490093B793 /* Build configuration list for PBXNativeTarget "Avito-Tech-iOS" */;
			buildPhases = (
				8D7F9DD428A8EA470093B793 /* Sources */,
				8D7F9DD528A8EA470093B793 /* Frameworks */,
				8D7F9DD628A8EA470093B793 /* Resources */,
			);
			buildRules = (
			);
			dependencies = (
			);
			name = "Avito-Tech-iOS";
			productName = "Avito-Tech-iOS";
			productReference = 8D7F9DD828A8EA470093B793 /* Avito-Tech-iOS.app */;
			productType = "com.apple.product-type.application";
		};
/* End PBXNativeTarget section */

/* Begin PBXProject section */
		8D7F9DD028A8EA470093B793 /* Project object */ = {
			isa = PBXProject;
			attributes = {
				BuildIndependentTargetsInParallel = 1;
				LastSwiftUpdateCheck = 1330;
				LastUpgradeCheck = 1330;
				TargetAttributes = {
					8D7F9DD728A8EA470093B793 = {
						CreatedOnToolsVersion = 13.3.1;
					};
				};
			};
			buildConfigurationList = 8D7F9DD328A8EA470093B793 /* Build configuration list for PBXProject "Avito-Tech-iOS" */;
			compatibilityVersion = "Xcode 13.0";
			developmentRegion = en;
			hasScannedForEncodings = 0;
			knownRegions = (
				en,
				Base,
			);
			mainGroup = 8D7F9DCF28A8EA470093B793;
			productRefGroup = 8D7F9DD928A8EA470093B793 /* Products */;
			projectDirPath = "";
			projectRoot = "";
			targets = (
				8D7F9DD728A8EA470093B793 /* Avito-Tech-iOS */,
			);
		};
/* End PBXProject section */

/* Begin PBXResourcesBuildPhase section */
		8D7F9DD628A8EA470093B793 /* Resources */ = {
			isa = PBXResourcesBuildPhase;
			buildActionMask = 2147483647;
			files = (
				8D7F9DEB28A8EA490093B793 /* LaunchScreen.storyboard in Resources */,
				8D7F9DE828A8EA480093B793 /* Assets.xcassets in Resources */,
			);
			runOnlyForDeploymentPostprocessing = 0;
		};
/* End PBXResourcesBuildPhase section */

/* Begin PBXSourcesBuildPhase section */
		8D7F9DD428A8EA470093B793 /* Sources */ = {
			isa = PBXSourcesBuildPhase;
			buildActionMask = 2147483647;
			files = (
				8D7F9DE028A8EA470093B793 /* EmployeeListViewController.swift in Sources */,
				8DC3D6BF28A8F8F5003AA7EB /* EmployeeListDataSource.swift in Sources */,
				8DC3D6C828A9014A003AA7EB /* Employee+CoreDataProperties.swift in Sources */,
				8DC3D6D228A93077003AA7EB /* Data+Extensoins.swift in Sources */,
				8D7F9DDC28A8EA470093B793 /* AppDelegate.swift in Sources */,
				8DC3D6CC28A90622003AA7EB /* AppData.swift in Sources */,
				8DC3D6B628A8EFB6003AA7EB /* Employees.swift in Sources */,
				8D7F9DDE28A8EA470093B793 /* SceneDelegate.swift in Sources */,
				8DC3D6D028A912AF003AA7EB /* UIStackView+Extensions.swift in Sources */,
				8D7F9DE628A8EA470093B793 /* Avito_Tech_iOS.xcdatamodeld in Sources */,
				8DC3D6C428A8FAAE003AA7EB /* EmployeeTableViewCell.swift in Sources */,
				8DC3D6CA28A905DC003AA7EB /* EmployeeListRouter.swift in Sources */,
				8DC3D6BB28A8F15C003AA7EB /* EmployeeListViewModel.swift in Sources */,
				8DC3D6BD28A8F51B003AA7EB /* UIView+Extensions.swift in Sources */,
				8DC3D6C128A8F941003AA7EB /* Employee+CoreData.swift in Sources */,
				8DC3D6C628A8FB5B003AA7EB /* UIView+Builder.swift in Sources */,
				8DC3D6CE28A90683003AA7EB /* NetworkServices.swift in Sources */,
				8DC3D6D428A9388F003AA7EB /* CoreData+Extensions.swift in Sources */,
				8DC3D6B928A8F034003AA7EB /* Constants.swift in Sources */,
			);
			runOnlyForDeploymentPostprocessing = 0;
		};
/* End PBXSourcesBuildPhase section */

/* Begin PBXVariantGroup section */
		8D7F9DE928A8EA490093B793 /* LaunchScreen.storyboard */ = {
			isa = PBXVariantGroup;
			children = (
				8D7F9DEA28A8EA490093B793 /* Base */,
			);
			name = LaunchScreen.storyboard;
			sourceTree = "<group>";
		};
/* End PBXVariantGroup section */

/* Begin XCBuildConfiguration section */
		8D7F9DED28A8EA490093B793 /* Debug */ = {
			isa = XCBuildConfiguration;
			buildSettings = {
				ALWAYS_SEARCH_USER_PATHS = NO;
				CLANG_ANALYZER_NONNULL = YES;
				CLANG_ANALYZER_NUMBER_OBJECT_CONVERSION = YES_AGGRESSIVE;
				CLANG_CXX_LANGUAGE_STANDARD = "gnu++17";
				CLANG_ENABLE_MODULES = YES;
				CLANG_ENABLE_OBJC_ARC = YES;
				CLANG_ENABLE_OBJC_WEAK = YES;
				CLANG_WARN_BLOCK_CAPTURE_AUTORELEASING = YES;
				CLANG_WARN_BOOL_CONVERSION = YES;
				CLANG_WARN_COMMA = YES;
				CLANG_WARN_CONSTANT_CONVERSION = YES;
				CLANG_WARN_DEPRECATED_OBJC_IMPLEMENTATIONS = YES;
				CLANG_WARN_DIRECT_OBJC_ISA_USAGE = YES_ERROR;
				CLANG_WARN_DOCUMENTATION_COMMENTS = YES;
				CLANG_WARN_EMPTY_BODY = YES;
				CLANG_WARN_ENUM_CONVERSION = YES;
				CLANG_WARN_INFINITE_RECURSION = YES;
				CLANG_WARN_INT_CONVERSION = YES;
				CLANG_WARN_NON_LITERAL_NULL_CONVERSION = YES;
				CLANG_WARN_OBJC_IMPLICIT_RETAIN_SELF = YES;
				CLANG_WARN_OBJC_LITERAL_CONVERSION = YES;
				CLANG_WARN_OBJC_ROOT_CLASS = YES_ERROR;
				CLANG_WARN_QUOTED_INCLUDE_IN_FRAMEWORK_HEADER = YES;
				CLANG_WARN_RANGE_LOOP_ANALYSIS = YES;
				CLANG_WARN_STRICT_PROTOTYPES = YES;
				CLANG_WARN_SUSPICIOUS_MOVE = YES;
				CLANG_WARN_UNGUARDED_AVAILABILITY = YES_AGGRESSIVE;
				CLANG_WARN_UNREACHABLE_CODE = YES;
				CLANG_WARN__DUPLICATE_METHOD_MATCH = YES;
				COPY_PHASE_STRIP = NO;
				DEBUG_INFORMATION_FORMAT = dwarf;
				ENABLE_STRICT_OBJC_MSGSEND = YES;
				ENABLE_TESTABILITY = YES;
				GCC_C_LANGUAGE_STANDARD = gnu11;
				GCC_DYNAMIC_NO_PIC = NO;
				GCC_NO_COMMON_BLOCKS = YES;
				GCC_OPTIMIZATION_LEVEL = 0;
				GCC_PREPROCESSOR_DEFINITIONS = (
					"DEBUG=1",
					"$(inherited)",
				);
				GCC_WARN_64_TO_32_BIT_CONVERSION = YES;
				GCC_WARN_ABOUT_RETURN_TYPE = YES_ERROR;
				GCC_WARN_UNDECLARED_SELECTOR = YES;
				GCC_WARN_UNINITIALIZED_AUTOS = YES_AGGRESSIVE;
				GCC_WARN_UNUSED_FUNCTION = YES;
				GCC_WARN_UNUSED_VARIABLE = YES;
				IPHONEOS_DEPLOYMENT_TARGET = 15.4;
				MTL_ENABLE_DEBUG_INFO = INCLUDE_SOURCE;
				MTL_FAST_MATH = YES;
				ONLY_ACTIVE_ARCH = YES;
				SDKROOT = iphoneos;
				SWIFT_ACTIVE_COMPILATION_CONDITIONS = DEBUG;
				SWIFT_OPTIMIZATION_LEVEL = "-Onone";
			};
			name = Debug;
		};
		8D7F9DEE28A8EA490093B793 /* Release */ = {
			isa = XCBuildConfiguration;
			buildSettings = {
				ALWAYS_SEARCH_USER_PATHS = NO;
				CLANG_ANALYZER_NONNULL = YES;
				CLANG_ANALYZER_NUMBER_OBJECT_CONVERSION = YES_AGGRESSIVE;
				CLANG_CXX_LANGUAGE_STANDARD = "gnu++17";
				CLANG_ENABLE_MODULES = YES;
				CLANG_ENABLE_OBJC_ARC = YES;
				CLANG_ENABLE_OBJC_WEAK = YES;
				CLANG_WARN_BLOCK_CAPTURE_AUTORELEASING = YES;
				CLANG_WARN_BOOL_CONVERSION = YES;
				CLANG_WARN_COMMA = YES;
				CLANG_WARN_CONSTANT_CONVERSION = YES;
				CLANG_WARN_DEPRECATED_OBJC_IMPLEMENTATIONS = YES;
				CLANG_WARN_DIRECT_OBJC_ISA_USAGE = YES_ERROR;
				CLANG_WARN_DOCUMENTATION_COMMENTS = YES;
				CLANG_WARN_EMPTY_BODY = YES;
				CLANG_WARN_ENUM_CONVERSION = YES;
				CLANG_WARN_INFINITE_RECURSION = YES;
				CLANG_WARN_INT_CONVERSION = YES;
				CLANG_WARN_NON_LITERAL_NULL_CONVERSION = YES;
				CLANG_WARN_OBJC_IMPLICIT_RETAIN_SELF = YES;
				CLANG_WARN_OBJC_LITERAL_CONVERSION = YES;
				CLANG_WARN_OBJC_ROOT_CLASS = YES_ERROR;
				CLANG_WARN_QUOTED_INCLUDE_IN_FRAMEWORK_HEADER = YES;
				CLANG_WARN_RANGE_LOOP_ANALYSIS = YES;
				CLANG_WARN_STRICT_PROTOTYPES = YES;
				CLANG_WARN_SUSPICIOUS_MOVE = YES;
				CLANG_WARN_UNGUARDED_AVAILABILITY = YES_AGGRESSIVE;
				CLANG_WARN_UNREACHABLE_CODE = YES;
				CLANG_WARN__DUPLICATE_METHOD_MATCH = YES;
				COPY_PHASE_STRIP = NO;
				DEBUG_INFORMATION_FORMAT = "dwarf-with-dsym";
				ENABLE_NS_ASSERTIONS = NO;
				ENABLE_STRICT_OBJC_MSGSEND = YES;
				GCC_C_LANGUAGE_STANDARD = gnu11;
				GCC_NO_COMMON_BLOCKS = YES;
				GCC_WARN_64_TO_32_BIT_CONVERSION = YES;
				GCC_WARN_ABOUT_RETURN_TYPE = YES_ERROR;
				GCC_WARN_UNDECLARED_SELECTOR = YES;
				GCC_WARN_UNINITIALIZED_AUTOS = YES_AGGRESSIVE;
				GCC_WARN_UNUSED_FUNCTION = YES;
				GCC_WARN_UNUSED_VARIABLE = YES;
				IPHONEOS_DEPLOYMENT_TARGET = 15.4;
				MTL_ENABLE_DEBUG_INFO = NO;
				MTL_FAST_MATH = YES;
				SDKROOT = iphoneos;
				SWIFT_COMPILATION_MODE = wholemodule;
				SWIFT_OPTIMIZATION_LEVEL = "-O";
				VALIDATE_PRODUCT = YES;
			};
			name = Release;
		};
		8D7F9DF028A8EA490093B793 /* Debug */ = {
			isa = XCBuildConfiguration;
			buildSettings = {
				ASSETCATALOG_COMPILER_APPICON_NAME = AppIcon;
				ASSETCATALOG_COMPILER_GLOBAL_ACCENT_COLOR_NAME = AccentColor;
				CODE_SIGN_STYLE = Automatic;
				CURRENT_PROJECT_VERSION = 1;
				DEVELOPMENT_TEAM = YBD3AD74KG;
				GENERATE_INFOPLIST_FILE = YES;
				INFOPLIST_FILE = "Avito-Tech-iOS/Resources/Info.plist";
				INFOPLIST_KEY_UIApplicationSupportsIndirectInputEvents = YES;
				INFOPLIST_KEY_UILaunchStoryboardName = LaunchScreen;
				INFOPLIST_KEY_UISupportedInterfaceOrientations = "UIInterfaceOrientationPortrait UIInterfaceOrientationLandscapeLeft UIInterfaceOrientationLandscapeRight";
				INFOPLIST_KEY_UISupportedInterfaceOrientations_iPad = "UIInterfaceOrientationPortrait UIInterfaceOrientationPortraitUpsideDown UIInterfaceOrientationLandscapeLeft UIInterfaceOrientationLandscapeRight";
				INFOPLIST_KEY_UISupportedInterfaceOrientations_iPhone = "UIInterfaceOrientationPortrait UIInterfaceOrientationLandscapeLeft UIInterfaceOrientationLandscapeRight";
				IPHONEOS_DEPLOYMENT_TARGET = 13.0;
				LD_RUNPATH_SEARCH_PATHS = (
					"$(inherited)",
					"@executable_path/Frameworks",
				);
				MARKETING_VERSION = 1.0;
				PRODUCT_BUNDLE_IDENTIFIER = "com.nikitalaptyonok.Avito-Tech-iOS";
				PRODUCT_NAME = "$(TARGET_NAME)";
				SWIFT_EMIT_LOC_STRINGS = YES;
				SWIFT_VERSION = 5.0;
				TARGETED_DEVICE_FAMILY = "1,2";
			};
			name = Debug;
		};
		8D7F9DF128A8EA490093B793 /* Release */ = {
			isa = XCBuildConfiguration;
			buildSettings = {
				ASSETCATALOG_COMPILER_APPICON_NAME = AppIcon;
				ASSETCATALOG_COMPILER_GLOBAL_ACCENT_COLOR_NAME = AccentColor;
				CODE_SIGN_STYLE = Automatic;
				CURRENT_PROJECT_VERSION = 1;
				DEVELOPMENT_TEAM = YBD3AD74KG;
				GENERATE_INFOPLIST_FILE = YES;
				INFOPLIST_FILE = "Avito-Tech-iOS/Resources/Info.plist";
				INFOPLIST_KEY_UIApplicationSupportsIndirectInputEvents = YES;
				INFOPLIST_KEY_UILaunchStoryboardName = LaunchScreen;
				INFOPLIST_KEY_UISupportedInterfaceOrientations = "UIInterfaceOrientationPortrait UIInterfaceOrientationLandscapeLeft UIInterfaceOrientationLandscapeRight";
				INFOPLIST_KEY_UISupportedInterfaceOrientations_iPad = "UIInterfaceOrientationPortrait UIInterfaceOrientationPortraitUpsideDown UIInterfaceOrientationLandscapeLeft UIInterfaceOrientationLandscapeRight";
				INFOPLIST_KEY_UISupportedInterfaceOrientations_iPhone = "UIInterfaceOrientationPortrait UIInterfaceOrientationLandscapeLeft UIInterfaceOrientationLandscapeRight";
				IPHONEOS_DEPLOYMENT_TARGET = 13.0;
				LD_RUNPATH_SEARCH_PATHS = (
					"$(inherited)",
					"@executable_path/Frameworks",
				);
				MARKETING_VERSION = 1.0;
				PRODUCT_BUNDLE_IDENTIFIER = "com.nikitalaptyonok.Avito-Tech-iOS";
				PRODUCT_NAME = "$(TARGET_NAME)";
				SWIFT_EMIT_LOC_STRINGS = YES;
				SWIFT_VERSION = 5.0;
				TARGETED_DEVICE_FAMILY = "1,2";
			};
			name = Release;
		};
/* End XCBuildConfiguration section */

/* Begin XCConfigurationList section */
		8D7F9DD328A8EA470093B793 /* Build configuration list for PBXProject "Avito-Tech-iOS" */ = {
			isa = XCConfigurationList;
			buildConfigurations = (
				8D7F9DED28A8EA490093B793 /* Debug */,
				8D7F9DEE28A8EA490093B793 /* Release */,
			);
			defaultConfigurationIsVisible = 0;
			defaultConfigurationName = Release;
		};
		8D7F9DEF28A8EA490093B793 /* Build configuration list for PBXNativeTarget "Avito-Tech-iOS" */ = {
			isa = XCConfigurationList;
			buildConfigurations = (
				8D7F9DF028A8EA490093B793 /* Debug */,
				8D7F9DF128A8EA490093B793 /* Release */,
			);
			defaultConfigurationIsVisible = 0;
			defaultConfigurationName = Release;
		};
/* End XCConfigurationList section */

/* Begin XCVersionGroup section */
		8D7F9DE428A8EA470093B793 /* Avito_Tech_iOS.xcdatamodeld */ = {
			isa = XCVersionGroup;
			children = (
				8D7F9DE528A8EA470093B793 /* Avito_Tech_iOS.xcdatamodel */,
			);
			currentVersion = 8D7F9DE528A8EA470093B793 /* Avito_Tech_iOS.xcdatamodel */;
			path = Avito_Tech_iOS.xcdatamodeld;
			sourceTree = "<group>";
			versionGroupType = wrapper.xcdatamodel;
		};
/* End XCVersionGroup section */
	};
	rootObject = 8D7F9DD028A8EA470093B793 /* Project object */;
}
